
Microsoft Visual Studio Solution File, Format Version 11.00
# Visual Studio 2010
Project("{FAE04EC0-301F-11D3-BF4B-00C04F79EFBC}") = "W1L1", "hello\W1L1.csproj", "{0D26D6F0-E978-400B-9D49-FA146D2EF081}"
EndProject
Project("{FAE04EC0-301F-11D3-BF4B-00C04F79EFBC}") = "W1H2p1", "add3.cs\W1H2p1.csproj", "{CA3C54A4-4896-4A3C-B4B0-C5F92774CF28}"
EndProject
Project("{FAE04EC0-301F-11D3-BF4B-00C04F79EFBC}") = "W1H2p2", "quotient.cs\W1H2p2.csproj", "{6AE6C558-C589-483E-8ACC-F0345B9127F8}"
EndProject
Project("{FAE04EC0-301F-11D3-BF4B-00C04F79EFBC}") = "W2L1p1", "birthday_many\W2L1p1.csproj", "{2E1B9AE4-EC52-49BC-92D4-8591381DB4A2}"
EndProject
Project("{FAE04EC0-301F-11D3-BF4B-00C04F79EFBC}") = "W2L1p2", "painting_input.cs\W2L1p2.csproj", "{FCF8DD14-263C-45FA-988D-FD3DEA0BC577}"
EndProject
Project("{FAE04EC0-301F-11D3-BF4B-00C04F79EFBC}") = "W1L2", "do_the_math\W1L2.csproj", "{99BFC564-985D-4D30-96A2-9C175C3F5A32}"
EndProject
Project("{FAE04EC0-301F-11D3-BF4B-00C04F79EFBC}") = "W1H3", "grade_calc\W1H3.csproj", "{6A17CA78-9762-4E32-966A-CA3559CC1D76}"
EndProject
Project("{FAE04EC0-301F-11D3-BF4B-00C04F79EFBC}") = "W2L1p3", "power.cs\W2L1p3.csproj", "{B4D7D8DE-0AA7-4A21-A4A0-B220E885CE5B}"
EndProject
Project("{FAE04EC0-301F-11D3-BF4B-00C04F79EFBC}") = "W2L2", "string_manip.cs\W2L2.csproj", "{03CB7272-5230-4F33-975C-8C3FB3557286}"
EndProject
Project("{FAE04EC0-301F-11D3-BF4B-00C04F79EFBC}") = "W2H1p1", "poem.cs\W2H1p1.csproj", "{96598BAC-0FE2-43D6-A5BA-65508C2DA916}"
EndProject
Project("{FAE04EC0-301F-11D3-BF4B-00C04F79EFBC}") = "W2H1p2", "quotient_return.cs\W2H1p2.csproj", "{818775DC-EE56-4DD9-843D-886927ED7287}"
EndProject
Project("{FAE04EC0-301F-11D3-BF4B-00C04F79EFBC}") = "W2H1p3", "quotient_return.cs\W2H1p3.csproj", "{A2248692-C3D6-4AC3-A56A-73B2106D29DC}"
EndProject
Project("{FAE04EC0-301F-11D3-BF4B-00C04F79EFBC}") = "W2H2p1", "addition3\W2H2p1.csproj", "{136E7264-45C1-4814-87F6-FE2ACEDADD06}"
EndProject
Project("{FAE04EC0-301F-11D3-BF4B-00C04F79EFBC}") = "W2H2p2", "quotient_u_i.cs\W2H2p2.csproj", "{70E39341-6352-4390-AFE6-58E9EA0120B7}"
EndProject
Project("{FAE04EC0-301F-11D3-BF4B-00C04F79EFBC}") = "W3L1p1", "sign.cs\W3L1p1.csproj", "{7BF183D5-E18B-4731-BE11-EFA24F99AA92}"
EndProject
Project("{FAE04EC0-301F-11D3-BF4B-00C04F79EFBC}") = "W3L1p2", "grade2\W3L1p2.csproj", "{B4E4C4A2-CEC9-4A5C-83BE-52D85D95650A}"
EndProject
Project("{FAE04EC0-301F-11D3-BF4B-00C04F79EFBC}") = "W3L1p3", "wages3.cs\W3L1p3.csproj", "{94839FDF-16D2-4B89-870A-3B375D41A45A}"
EndProject
Project("{FAE04EC0-301F-11D3-BF4B-00C04F79EFBC}") = "ui", "..\..\COMP170\ui\ui.csproj", "{DC88927E-04FA-4738-A07B-D5188AEAB924}"
EndProject
Project("{FAE04EC0-301F-11D3-BF4B-00C04F79EFBC}") = "W3H1p1", "graduate.cs\W3H1p1.csproj", "{F1D5F396-E6A7-4CB3-BF98-F1A8276095B6}"
EndProject
Project("{FAE04EC0-301F-11D3-BF4B-00C04F79EFBC}") = "W3H1p2", "congress.cs\W3H1p2.csproj", "{BFA2B2B0-4CE3-44A2-AC6A-EBFB46E06747}"
EndProject
Project("{FAE04EC0-301F-11D3-BF4B-00C04F79EFBC}") = "W4L1", "game\W4L1.csproj", "{5956B754-8F44-42FB-8D48-208F3FD53107}"
EndProject
Project("{FAE04EC0-301F-11D3-BF4B-00C04F79EFBC}") = "W3H2p1", "test_agree\W3H2p1.csproj", "{A04443DF-3083-46D9-A06C-90F97F3C906A}"
EndProject
Project("{FAE04EC0-301F-11D3-BF4B-00C04F79EFBC}") = "W3H2p2", "sum_all.cs\W3H2p2.csproj", "{C3D5894B-4DE4-44F9-BE58-420FC48C569F}"
EndProject
Project("{FAE04EC0-301F-11D3-BF4B-00C04F79EFBC}") = "W3H2p3", "test_input_whole\W3H2p3.csproj", "{A22226C2-F8D3-401D-866A-8FA1C44904AD}"
EndProject
Project("{FAE04EC0-301F-11D3-BF4B-00C04F79EFBC}") = "W4H1p1", "savings.cs\W4H1p1.csproj", "{4C7B8ACA-6362-4A01-A8DE-9259B9B2E673}"
EndProject
Project("{FAE04EC0-301F-11D3-BF4B-00C04F79EFBC}") = "W4H1p2", "strange_seq.cs\W4H1p2.csproj", "{540D3805-DBFF-4896-8BBD-8736A4DBEFB1}"
EndProject
Project("{FAE04EC0-301F-11D3-BF4B-00C04F79EFBC}") = "W4H1p3", "test_count_rep.cs\W4H1p3.csproj", "{66E1EAB6-6701-44AE-935C-D490C7BF0AC1}"
EndProject
Project("{FAE04EC0-301F-11D3-BF4B-00C04F79EFBC}") = "W4H1p4", "safe_number_input.cs\W4H1p4.csproj", "{55DFB481-877F-4916-AB6F-4349A61CA7D9}"
EndProject
Project("{FAE04EC0-301F-11D3-BF4B-00C04F79EFBC}") = "W5H1p1", "heads_tails.cs\W5H1p1.csproj", "{6615B857-E18B-4487-84D7-B6EE50B76DB9}"
EndProject
Project("{FAE04EC0-301F-11D3-BF4B-00C04F79EFBC}") = "W5H1p2", "format_flips.cs\W5H1p2.csproj", "{91FE1F92-93FF-4C25-8581-A4249DDC3193}"
EndProject
Project("{FAE04EC0-301F-11D3-BF4B-00C04F79EFBC}") = "W6L1", "..\..\COMP170\loop_lab_stub\W6L1.csproj", "{CB3C45F3-B02B-41CF-8C2E-8EA7F970F081}"
EndProject
Project("{FAE04EC0-301F-11D3-BF4B-00C04F79EFBC}") = "W7L1&W7L2", "array_lab\W7L1&W7L2.csproj", "{9089B8D4-CCC2-4DB7-A7A0-EE1171B470FE}"
EndProject
Project("{FAE04EC0-301F-11D3-BF4B-00C04F79EFBC}") = "W6H1p1", "getTokens\W6H1p1.csproj", "{4D0F2426-E8D3-4751-BE13-AC794E3E9894}"
EndProject
Project("{FAE04EC0-301F-11D3-BF4B-00C04F79EFBC}") = "W6H1p2", "adder.cs\W6H1p2.csproj", "{F9F6536F-7EA2-42D4-89CA-785425F2E6AC}"
EndProject
Project("{FAE04EC0-301F-11D3-BF4B-00C04F79EFBC}") = "W6H1p3", "trimmer.cs\W6H1p3.csproj", "{DF306C7A-D17A-4F71-8C6F-35B803C54DFE}"
EndProject
Project("{FAE04EC0-301F-11D3-BF4B-00C04F79EFBC}") = "W6H1p4", "count_dups.cs\W6H1p4.csproj", "{D28B1259-4618-49F5-884F-B50314D6474F}"
EndProject
Project("{FAE04EC0-301F-11D3-BF4B-00C04F79EFBC}") = "W6H1p5", "make_mirror.cs\W6H1p5.csproj", "{4B507C8E-BB82-4523-8F44-AF48E69FE58A}"
EndProject
Project("{FAE04EC0-301F-11D3-BF4B-00C04F79EFBC}") = "W6H1p6", "reverse_array.cs\W6H1p6.csproj", "{23F2DB14-5D38-4707-9484-4CC8E493F6F0}"
EndProject
Project("{FAE04EC0-301F-11D3-BF4B-00C04F79EFBC}") = "W6H1p7", "make_histogram.cs\W6H1p7.csproj", "{4E7762BF-C456-451F-8F4D-25C2F93C901F}"
EndProject
Project("{FAE04EC0-301F-11D3-BF4B-00C04F79EFBC}") = "W6H2p1", "safe_sum_file.cs\W6H2p1.csproj", "{18D5586F-C2D9-4709-AA4F-9AD6730E09C7}"
EndProject
Project("{FAE04EC0-301F-11D3-BF4B-00C04F79EFBC}") = "W6H2p2", "fio_usage.cs\W6H2p2.csproj", "{AD7C30D7-4B99-44F4-8984-06D246B00FB2}"
EndProject
Project("{FAE04EC0-301F-11D3-BF4B-00C04F79EFBC}") = "fio", "fio\fio.csproj", "{7CAF1D89-69B2-4744-8081-D3745143422A}"
EndProject
Project("{FAE04EC0-301F-11D3-BF4B-00C04F79EFBC}") = "W7H1p1", "array2d\W7H1p1.csproj", "{8165815B-7E6C-4DEC-922B-912BF9FAD1CB}"
EndProject
Project("{FAE04EC0-301F-11D3-BF4B-00C04F79EFBC}") = "W7H1p2", "print_varying_width_table.cs\W7H1p2.csproj", "{25F28470-B7C7-433B-AF0A-7607D506F437}"
EndProject
Project("{FAE04EC0-301F-11D3-BF4B-00C04F79EFBC}") = "W10L1", "dict_lab_stub.cs\W10L1.csproj", "{8DDE396D-4696-4E03-B238-D6EC599B1C65}"
EndProject
Project("{FAE04EC0-301F-11D3-BF4B-00C04F79EFBC}") = "W10L2", "animal_lab.cs\W10L2.csproj", "{F58F0CD3-4299-4409-9524-4ABA0F110387}"
EndProject
Project("{FAE04EC0-301F-11D3-BF4B-00C04F79EFBC}") = "W6W3", "gradeFiles0\W6W3.csproj", "{25FE7201-7D25-4C40-94C8-074317F9F146}"
EndProject
Project("{FAE04EC0-301F-11D3-BF4B-00C04F79EFBC}") = "W11H2", "igame_stub\W11H2.csproj", "{8C5C3062-501B-4B68-8949-7250AD41E68E}"
EndProject
Project("{FAE04EC0-301F-11D3-BF4B-00C04F79EFBC}") = "thePriceIsRight", "thePriceIsRight\thePriceIsRight.csproj", "{F1DB022C-3102-4F42-AFF2-AC5B6E40620B}"
EndProject
Global
	GlobalSection(SolutionConfigurationPlatforms) = preSolution
		Debug|x86 = Debug|x86
		Release|x86 = Release|x86
	EndGlobalSection
	GlobalSection(ProjectConfigurationPlatforms) = postSolution
		{03CB7272-5230-4F33-975C-8C3FB3557286}.Debug|x86.ActiveCfg = Debug|x86
		{03CB7272-5230-4F33-975C-8C3FB3557286}.Debug|x86.Build.0 = Debug|x86
		{03CB7272-5230-4F33-975C-8C3FB3557286}.Release|x86.ActiveCfg = Release|x86
		{03CB7272-5230-4F33-975C-8C3FB3557286}.Release|x86.Build.0 = Release|x86
		{0D26D6F0-E978-400B-9D49-FA146D2EF081}.Debug|x86.ActiveCfg = Debug|x86
		{0D26D6F0-E978-400B-9D49-FA146D2EF081}.Debug|x86.Build.0 = Debug|x86
		{0D26D6F0-E978-400B-9D49-FA146D2EF081}.Release|x86.ActiveCfg = Release|x86
		{0D26D6F0-E978-400B-9D49-FA146D2EF081}.Release|x86.Build.0 = Release|x86
		{136E7264-45C1-4814-87F6-FE2ACEDADD06}.Debug|x86.ActiveCfg = Debug|x86
		{136E7264-45C1-4814-87F6-FE2ACEDADD06}.Debug|x86.Build.0 = Debug|x86
		{136E7264-45C1-4814-87F6-FE2ACEDADD06}.Release|x86.ActiveCfg = Release|x86
		{136E7264-45C1-4814-87F6-FE2ACEDADD06}.Release|x86.Build.0 = Release|x86
		{18D5586F-C2D9-4709-AA4F-9AD6730E09C7}.Debug|x86.ActiveCfg = Debug|x86
		{18D5586F-C2D9-4709-AA4F-9AD6730E09C7}.Debug|x86.Build.0 = Debug|x86
		{18D5586F-C2D9-4709-AA4F-9AD6730E09C7}.Release|x86.ActiveCfg = Release|x86
		{18D5586F-C2D9-4709-AA4F-9AD6730E09C7}.Release|x86.Build.0 = Release|x86
		{23F2DB14-5D38-4707-9484-4CC8E493F6F0}.Debug|x86.ActiveCfg = Debug|x86
		{23F2DB14-5D38-4707-9484-4CC8E493F6F0}.Debug|x86.Build.0 = Debug|x86
		{23F2DB14-5D38-4707-9484-4CC8E493F6F0}.Release|x86.ActiveCfg = Release|x86
		{23F2DB14-5D38-4707-9484-4CC8E493F6F0}.Release|x86.Build.0 = Release|x86
		{25F28470-B7C7-433B-AF0A-7607D506F437}.Debug|x86.ActiveCfg = Debug|Any CPU
		{25F28470-B7C7-433B-AF0A-7607D506F437}.Debug|x86.Build.0 = Debug|Any CPU
		{25F28470-B7C7-433B-AF0A-7607D506F437}.Release|x86.ActiveCfg = Release|Any CPU
		{25F28470-B7C7-433B-AF0A-7607D506F437}.Release|x86.Build.0 = Release|Any CPU
		{25FE7201-7D25-4C40-94C8-074317F9F146}.Debug|x86.ActiveCfg = Debug|x86
		{25FE7201-7D25-4C40-94C8-074317F9F146}.Debug|x86.Build.0 = Debug|x86
		{25FE7201-7D25-4C40-94C8-074317F9F146}.Release|x86.ActiveCfg = Release|x86
		{25FE7201-7D25-4C40-94C8-074317F9F146}.Release|x86.Build.0 = Release|x86
		{2E1B9AE4-EC52-49BC-92D4-8591381DB4A2}.Debug|x86.ActiveCfg = Debug|x86
		{2E1B9AE4-EC52-49BC-92D4-8591381DB4A2}.Debug|x86.Build.0 = Debug|x86
		{2E1B9AE4-EC52-49BC-92D4-8591381DB4A2}.Release|x86.ActiveCfg = Release|x86
		{2E1B9AE4-EC52-49BC-92D4-8591381DB4A2}.Release|x86.Build.0 = Release|x86
		{4B507C8E-BB82-4523-8F44-AF48E69FE58A}.Debug|x86.ActiveCfg = Debug|x86
		{4B507C8E-BB82-4523-8F44-AF48E69FE58A}.Debug|x86.Build.0 = Debug|x86
		{4B507C8E-BB82-4523-8F44-AF48E69FE58A}.Release|x86.ActiveCfg = Release|x86
		{4B507C8E-BB82-4523-8F44-AF48E69FE58A}.Release|x86.Build.0 = Release|x86
		{4C7B8ACA-6362-4A01-A8DE-9259B9B2E673}.Debug|x86.ActiveCfg = Debug|x86
		{4C7B8ACA-6362-4A01-A8DE-9259B9B2E673}.Debug|x86.Build.0 = Debug|x86
		{4C7B8ACA-6362-4A01-A8DE-9259B9B2E673}.Release|x86.ActiveCfg = Release|x86
		{4C7B8ACA-6362-4A01-A8DE-9259B9B2E673}.Release|x86.Build.0 = Release|x86
		{4D0F2426-E8D3-4751-BE13-AC794E3E9894}.Debug|x86.ActiveCfg = Debug|x86
		{4D0F2426-E8D3-4751-BE13-AC794E3E9894}.Debug|x86.Build.0 = Debug|x86
		{4D0F2426-E8D3-4751-BE13-AC794E3E9894}.Release|x86.ActiveCfg = Release|x86
		{4D0F2426-E8D3-4751-BE13-AC794E3E9894}.Release|x86.Build.0 = Release|x86
		{4E7762BF-C456-451F-8F4D-25C2F93C901F}.Debug|x86.ActiveCfg = Debug|x86
		{4E7762BF-C456-451F-8F4D-25C2F93C901F}.Debug|x86.Build.0 = Debug|x86
		{4E7762BF-C456-451F-8F4D-25C2F93C901F}.Release|x86.ActiveCfg = Release|x86
		{4E7762BF-C456-451F-8F4D-25C2F93C901F}.Release|x86.Build.0 = Release|x86
		{540D3805-DBFF-4896-8BBD-8736A4DBEFB1}.Debug|x86.ActiveCfg = Debug|x86
		{540D3805-DBFF-4896-8BBD-8736A4DBEFB1}.Debug|x86.Build.0 = Debug|x86
		{540D3805-DBFF-4896-8BBD-8736A4DBEFB1}.Release|x86.ActiveCfg = Release|x86
		{540D3805-DBFF-4896-8BBD-8736A4DBEFB1}.Release|x86.Build.0 = Release|x86
		{55DFB481-877F-4916-AB6F-4349A61CA7D9}.Debug|x86.ActiveCfg = Debug|x86
		{55DFB481-877F-4916-AB6F-4349A61CA7D9}.Debug|x86.Build.0 = Debug|x86
		{55DFB481-877F-4916-AB6F-4349A61CA7D9}.Release|x86.ActiveCfg = Release|x86
		{55DFB481-877F-4916-AB6F-4349A61CA7D9}.Release|x86.Build.0 = Release|x86
		{5956B754-8F44-42FB-8D48-208F3FD53107}.Debug|x86.ActiveCfg = Debug|x86
		{5956B754-8F44-42FB-8D48-208F3FD53107}.Debug|x86.Build.0 = Debug|x86
		{5956B754-8F44-42FB-8D48-208F3FD53107}.Release|x86.ActiveCfg = Release|x86
		{5956B754-8F44-42FB-8D48-208F3FD53107}.Release|x86.Build.0 = Release|x86
		{6615B857-E18B-4487-84D7-B6EE50B76DB9}.Debug|x86.ActiveCfg = Debug|x86
		{6615B857-E18B-4487-84D7-B6EE50B76DB9}.Debug|x86.Build.0 = Debug|x86
		{6615B857-E18B-4487-84D7-B6EE50B76DB9}.Release|x86.ActiveCfg = Release|x86
		{6615B857-E18B-4487-84D7-B6EE50B76DB9}.Release|x86.Build.0 = Release|x86
		{66E1EAB6-6701-44AE-935C-D490C7BF0AC1}.Debug|x86.ActiveCfg = Debug|x86
		{66E1EAB6-6701-44AE-935C-D490C7BF0AC1}.Debug|x86.Build.0 = Debug|x86
		{66E1EAB6-6701-44AE-935C-D490C7BF0AC1}.Release|x86.ActiveCfg = Release|x86
		{66E1EAB6-6701-44AE-935C-D490C7BF0AC1}.Release|x86.Build.0 = Release|x86
		{6A17CA78-9762-4E32-966A-CA3559CC1D76}.Debug|x86.ActiveCfg = Debug|x86
		{6A17CA78-9762-4E32-966A-CA3559CC1D76}.Debug|x86.Build.0 = Debug|x86
		{6A17CA78-9762-4E32-966A-CA3559CC1D76}.Release|x86.ActiveCfg = Release|x86
		{6A17CA78-9762-4E32-966A-CA3559CC1D76}.Release|x86.Build.0 = Release|x86
		{6AE6C558-C589-483E-8ACC-F0345B9127F8}.Debug|x86.ActiveCfg = Debug|x86
		{6AE6C558-C589-483E-8ACC-F0345B9127F8}.Debug|x86.Build.0 = Debug|x86
		{6AE6C558-C589-483E-8ACC-F0345B9127F8}.Release|x86.ActiveCfg = Release|x86
		{6AE6C558-C589-483E-8ACC-F0345B9127F8}.Release|x86.Build.0 = Release|x86
		{70E39341-6352-4390-AFE6-58E9EA0120B7}.Debug|x86.ActiveCfg = Debug|x86
		{70E39341-6352-4390-AFE6-58E9EA0120B7}.Debug|x86.Build.0 = Debug|x86
		{70E39341-6352-4390-AFE6-58E9EA0120B7}.Release|x86.ActiveCfg = Release|x86
		{70E39341-6352-4390-AFE6-58E9EA0120B7}.Release|x86.Build.0 = Release|x86
		{7BF183D5-E18B-4731-BE11-EFA24F99AA92}.Debug|x86.ActiveCfg = Debug|x86
		{7BF183D5-E18B-4731-BE11-EFA24F99AA92}.Debug|x86.Build.0 = Debug|x86
		{7BF183D5-E18B-4731-BE11-EFA24F99AA92}.Release|x86.ActiveCfg = Release|x86
		{7BF183D5-E18B-4731-BE11-EFA24F99AA92}.Release|x86.Build.0 = Release|x86
		{7CAF1D89-69B2-4744-8081-D3745143422A}.Debug|x86.ActiveCfg = Debug|Any CPU
		{7CAF1D89-69B2-4744-8081-D3745143422A}.Debug|x86.Build.0 = Debug|Any CPU
		{7CAF1D89-69B2-4744-8081-D3745143422A}.Release|x86.ActiveCfg = Release|Any CPU
		{7CAF1D89-69B2-4744-8081-D3745143422A}.Release|x86.Build.0 = Release|Any CPU
		{8165815B-7E6C-4DEC-922B-912BF9FAD1CB}.Debug|x86.ActiveCfg = Debug|Any CPU
		{8165815B-7E6C-4DEC-922B-912BF9FAD1CB}.Debug|x86.Build.0 = Debug|Any CPU
		{8165815B-7E6C-4DEC-922B-912BF9FAD1CB}.Release|x86.ActiveCfg = Release|Any CPU
		{8165815B-7E6C-4DEC-922B-912BF9FAD1CB}.Release|x86.Build.0 = Release|Any CPU
		{818775DC-EE56-4DD9-843D-886927ED7287}.Debug|x86.ActiveCfg = Debug|Any CPU
		{818775DC-EE56-4DD9-843D-886927ED7287}.Debug|x86.Build.0 = Debug|Any CPU
		{818775DC-EE56-4DD9-843D-886927ED7287}.Release|x86.ActiveCfg = Release|Any CPU
		{818775DC-EE56-4DD9-843D-886927ED7287}.Release|x86.Build.0 = Release|Any CPU
		{8C5C3062-501B-4B68-8949-7250AD41E68E}.Debug|x86.ActiveCfg = Debug|x86
		{8C5C3062-501B-4B68-8949-7250AD41E68E}.Debug|x86.Build.0 = Debug|x86
		{8C5C3062-501B-4B68-8949-7250AD41E68E}.Release|x86.ActiveCfg = Release|x86
		{8C5C3062-501B-4B68-8949-7250AD41E68E}.Release|x86.Build.0 = Release|x86
		{8DDE396D-4696-4E03-B238-D6EC599B1C65}.Debug|x86.ActiveCfg = Debug|x86
		{8DDE396D-4696-4E03-B238-D6EC599B1C65}.Debug|x86.Build.0 = Debug|x86
		{8DDE396D-4696-4E03-B238-D6EC599B1C65}.Release|x86.ActiveCfg = Release|x86
		{8DDE396D-4696-4E03-B238-D6EC599B1C65}.Release|x86.Build.0 = Release|x86
		{9089B8D4-CCC2-4DB7-A7A0-EE1171B470FE}.Debug|x86.ActiveCfg = Debug|x86
		{9089B8D4-CCC2-4DB7-A7A0-EE1171B470FE}.Debug|x86.Build.0 = Debug|x86
		{9089B8D4-CCC2-4DB7-A7A0-EE1171B470FE}.Release|x86.ActiveCfg = Release|x86
		{9089B8D4-CCC2-4DB7-A7A0-EE1171B470FE}.Release|x86.Build.0 = Release|x86
		{91FE1F92-93FF-4C25-8581-A4249DDC3193}.Debug|x86.ActiveCfg = Debug|x86
		{91FE1F92-93FF-4C25-8581-A4249DDC3193}.Debug|x86.Build.0 = Debug|x86
		{91FE1F92-93FF-4C25-8581-A4249DDC3193}.Release|x86.ActiveCfg = Release|x86
		{91FE1F92-93FF-4C25-8581-A4249DDC3193}.Release|x86.Build.0 = Release|x86
		{94839FDF-16D2-4B89-870A-3B375D41A45A}.Debug|x86.ActiveCfg = Debug|x86
		{94839FDF-16D2-4B89-870A-3B375D41A45A}.Debug|x86.Build.0 = Debug|x86
		{94839FDF-16D2-4B89-870A-3B375D41A45A}.Release|x86.ActiveCfg = Release|x86
		{94839FDF-16D2-4B89-870A-3B375D41A45A}.Release|x86.Build.0 = Release|x86
		{96598BAC-0FE2-43D6-A5BA-65508C2DA916}.Debug|x86.ActiveCfg = Debug|Any CPU
		{96598BAC-0FE2-43D6-A5BA-65508C2DA916}.Debug|x86.Build.0 = Debug|Any CPU
		{96598BAC-0FE2-43D6-A5BA-65508C2DA916}.Release|x86.ActiveCfg = Release|Any CPU
		{96598BAC-0FE2-43D6-A5BA-65508C2DA916}.Release|x86.Build.0 = Release|Any CPU
		{99BFC564-985D-4D30-96A2-9C175C3F5A32}.Debug|x86.ActiveCfg = Debug|x86
		{99BFC564-985D-4D30-96A2-9C175C3F5A32}.Debug|x86.Build.0 = Debug|x86
		{99BFC564-985D-4D30-96A2-9C175C3F5A32}.Release|x86.ActiveCfg = Release|x86
		{99BFC564-985D-4D30-96A2-9C175C3F5A32}.Release|x86.Build.0 = Release|x86
		{A04443DF-3083-46D9-A06C-90F97F3C906A}.Debug|x86.ActiveCfg = Debug|x86
		{A04443DF-3083-46D9-A06C-90F97F3C906A}.Debug|x86.Build.0 = Debug|x86
		{A04443DF-3083-46D9-A06C-90F97F3C906A}.Release|x86.ActiveCfg = Release|x86
		{A04443DF-3083-46D9-A06C-90F97F3C906A}.Release|x86.Build.0 = Release|x86
		{A22226C2-F8D3-401D-866A-8FA1C44904AD}.Debug|x86.ActiveCfg = Debug|x86
		{A22226C2-F8D3-401D-866A-8FA1C44904AD}.Debug|x86.Build.0 = Debug|x86
		{A22226C2-F8D3-401D-866A-8FA1C44904AD}.Release|x86.ActiveCfg = Release|x86
		{A22226C2-F8D3-401D-866A-8FA1C44904AD}.Release|x86.Build.0 = Release|x86
		{A2248692-C3D6-4AC3-A56A-73B2106D29DC}.Debug|x86.ActiveCfg = Debug|Any CPU
		{A2248692-C3D6-4AC3-A56A-73B2106D29DC}.Debug|x86.Build.0 = Debug|Any CPU
		{A2248692-C3D6-4AC3-A56A-73B2106D29DC}.Release|x86.ActiveCfg = Release|Any CPU
		{A2248692-C3D6-4AC3-A56A-73B2106D29DC}.Release|x86.Build.0 = Release|Any CPU
		{AD7C30D7-4B99-44F4-8984-06D246B00FB2}.Debug|x86.ActiveCfg = Debug|x86
		{AD7C30D7-4B99-44F4-8984-06D246B00FB2}.Debug|x86.Build.0 = Debug|x86
		{AD7C30D7-4B99-44F4-8984-06D246B00FB2}.Release|x86.ActiveCfg = Release|x86
		{AD7C30D7-4B99-44F4-8984-06D246B00FB2}.Release|x86.Build.0 = Release|x86
		{B4D7D8DE-0AA7-4A21-A4A0-B220E885CE5B}.Debug|x86.ActiveCfg = Debug|x86
		{B4D7D8DE-0AA7-4A21-A4A0-B220E885CE5B}.Debug|x86.Build.0 = Debug|x86
		{B4D7D8DE-0AA7-4A21-A4A0-B220E885CE5B}.Release|x86.ActiveCfg = Release|x86
		{B4D7D8DE-0AA7-4A21-A4A0-B220E885CE5B}.Release|x86.Build.0 = Release|x86
		{B4E4C4A2-CEC9-4A5C-83BE-52D85D95650A}.Debug|x86.ActiveCfg = Debug|x86
		{B4E4C4A2-CEC9-4A5C-83BE-52D85D95650A}.Debug|x86.Build.0 = Debug|x86
		{B4E4C4A2-CEC9-4A5C-83BE-52D85D95650A}.Release|x86.ActiveCfg = Release|x86
		{B4E4C4A2-CEC9-4A5C-83BE-52D85D95650A}.Release|x86.Build.0 = Release|x86
		{BFA2B2B0-4CE3-44A2-AC6A-EBFB46E06747}.Debug|x86.ActiveCfg = Debug|x86
		{BFA2B2B0-4CE3-44A2-AC6A-EBFB46E06747}.Debug|x86.Build.0 = Debug|x86
		{BFA2B2B0-4CE3-44A2-AC6A-EBFB46E06747}.Release|x86.ActiveCfg = Release|x86
		{BFA2B2B0-4CE3-44A2-AC6A-EBFB46E06747}.Release|x86.Build.0 = Release|x86
		{C3D5894B-4DE4-44F9-BE58-420FC48C569F}.Debug|x86.ActiveCfg = Debug|x86
		{C3D5894B-4DE4-44F9-BE58-420FC48C569F}.Debug|x86.Build.0 = Debug|x86
		{C3D5894B-4DE4-44F9-BE58-420FC48C569F}.Release|x86.ActiveCfg = Release|x86
		{C3D5894B-4DE4-44F9-BE58-420FC48C569F}.Release|x86.Build.0 = Release|x86
		{CA3C54A4-4896-4A3C-B4B0-C5F92774CF28}.Debug|x86.ActiveCfg = Debug|x86
		{CA3C54A4-4896-4A3C-B4B0-C5F92774CF28}.Debug|x86.Build.0 = Debug|x86
		{CA3C54A4-4896-4A3C-B4B0-C5F92774CF28}.Release|x86.ActiveCfg = Release|x86
		{CA3C54A4-4896-4A3C-B4B0-C5F92774CF28}.Release|x86.Build.0 = Release|x86
		{CB3C45F3-B02B-41CF-8C2E-8EA7F970F081}.Debug|x86.ActiveCfg = Debug|x86
		{CB3C45F3-B02B-41CF-8C2E-8EA7F970F081}.Debug|x86.Build.0 = Debug|x86
		{CB3C45F3-B02B-41CF-8C2E-8EA7F970F081}.Release|x86.ActiveCfg = Release|x86
		{CB3C45F3-B02B-41CF-8C2E-8EA7F970F081}.Release|x86.Build.0 = Release|x86
		{D28B1259-4618-49F5-884F-B50314D6474F}.Debug|x86.ActiveCfg = Debug|x86
		{D28B1259-4618-49F5-884F-B50314D6474F}.Debug|x86.Build.0 = Debug|x86
		{D28B1259-4618-49F5-884F-B50314D6474F}.Release|x86.ActiveCfg = Release|x86
		{D28B1259-4618-49F5-884F-B50314D6474F}.Release|x86.Build.0 = Release|x86
		{DC88927E-04FA-4738-A07B-D5188AEAB924}.Debug|x86.ActiveCfg = Debug|Any CPU
		{DC88927E-04FA-4738-A07B-D5188AEAB924}.Debug|x86.Build.0 = Debug|Any CPU
		{DC88927E-04FA-4738-A07B-D5188AEAB924}.Release|x86.ActiveCfg = Release|Any CPU
		{DC88927E-04FA-4738-A07B-D5188AEAB924}.Release|x86.Build.0 = Release|Any CPU
		{DF306C7A-D17A-4F71-8C6F-35B803C54DFE}.Debug|x86.ActiveCfg = Debug|x86
		{DF306C7A-D17A-4F71-8C6F-35B803C54DFE}.Debug|x86.Build.0 = Debug|x86
		{DF306C7A-D17A-4F71-8C6F-35B803C54DFE}.Release|x86.ActiveCfg = Release|x86
		{DF306C7A-D17A-4F71-8C6F-35B803C54DFE}.Release|x86.Build.0 = Release|x86
		{F1D5F396-E6A7-4CB3-BF98-F1A8276095B6}.Debug|x86.ActiveCfg = Debug|x86
		{F1D5F396-E6A7-4CB3-BF98-F1A8276095B6}.Debug|x86.Build.0 = Debug|x86
		{F1D5F396-E6A7-4CB3-BF98-F1A8276095B6}.Release|x86.ActiveCfg = Release|x86
		{F1D5F396-E6A7-4CB3-BF98-F1A8276095B6}.Release|x86.Build.0 = Release|x86
		{F1DB022C-3102-4F42-AFF2-AC5B6E40620B}.Debug|x86.ActiveCfg = Debug|x86
		{F1DB022C-3102-4F42-AFF2-AC5B6E40620B}.Debug|x86.Build.0 = Debug|x86
		{F1DB022C-3102-4F42-AFF2-AC5B6E40620B}.Release|x86.ActiveCfg = Release|x86
		{F1DB022C-3102-4F42-AFF2-AC5B6E40620B}.Release|x86.Build.0 = Release|x86
		{F58F0CD3-4299-4409-9524-4ABA0F110387}.Debug|x86.ActiveCfg = Debug|x86
		{F58F0CD3-4299-4409-9524-4ABA0F110387}.Debug|x86.Build.0 = Debug|x86
		{F58F0CD3-4299-4409-9524-4ABA0F110387}.Release|x86.ActiveCfg = Release|x86
		{F58F0CD3-4299-4409-9524-4ABA0F110387}.Release|x86.Build.0 = Release|x86
		{F9F6536F-7EA2-42D4-89CA-785425F2E6AC}.Debug|x86.ActiveCfg = Debug|x86
		{F9F6536F-7EA2-42D4-89CA-785425F2E6AC}.Debug|x86.Build.0 = Debug|x86
		{F9F6536F-7EA2-42D4-89CA-785425F2E6AC}.Release|x86.ActiveCfg = Release|x86
		{F9F6536F-7EA2-42D4-89CA-785425F2E6AC}.Release|x86.Build.0 = Release|x86
		{FCF8DD14-263C-45FA-988D-FD3DEA0BC577}.Debug|x86.ActiveCfg = Debug|x86
		{FCF8DD14-263C-45FA-988D-FD3DEA0BC577}.Debug|x86.Build.0 = Debug|x86
		{FCF8DD14-263C-45FA-988D-FD3DEA0BC577}.Release|x86.ActiveCfg = Release|x86
		{FCF8DD14-263C-45FA-988D-FD3DEA0BC577}.Release|x86.Build.0 = Release|x86
	EndGlobalSection
	GlobalSection(MonoDevelopProperties) = preSolution
		StartupItem = hello\W1L1.csproj
	EndGlobalSection
EndGlobal
